
Microsoft Visual Studio Solution File, Format Version 12.00
# Visual Studio Version 17
VisualStudioVersion = 17.4.33213.308
MinimumVisualStudioVersion = 10.0.40219.1
Project("{FAE04EC0-301F-11D3-BF4B-00C04F79EFBC}") = "lesson1test", "lesson1test.csproj", "{932EADBC-0571-4C44-886F-051A97AD6C42}"
EndProject
Global
	GlobalSection(SolutionConfigurationPlatforms) = preSolution
		Debug|Any CPU = Debug|Any CPU
		Release|Any CPU = Release|Any CPU
	EndGlobalSection
	GlobalSection(ProjectConfigurationPlatforms) = postSolution
		{932EADBC-0571-4C44-886F-051A97AD6C42}.Debug|Any CPU.ActiveCfg = Debug|Any CPU
		{932EADBC-0571-4C44-886F-051A97AD6C42}.Debug|Any CPU.Build.0 = Debug|Any CPU
		{932EADBC-0571-4C44-886F-051A97AD6C42}.Release|Any CPU.ActiveCfg = Release|Any CPU
		{932EADBC-0571-4C44-886F-051A97AD6C42}.Release|Any CPU.Build.0 = Release|Any CPU
	EndGlobalSection
	GlobalSection(SolutionProperties) = preSolution
		HideSolutionNode = FALSE
	EndGlobalSection
	GlobalSection(ExtensibilityGlobals) = postSolution
		SolutionGuid = {B79504D3-10BA-44FC-8036-F917CF94F546}
	EndGlobalSection
EndGlobal
